PODS:
  - CustomIOSAlertView (0.9.3)
  - FMDB (2.5):
    - FMDB/standard (= 2.5)
  - FMDB/common (2.5)
  - FMDB/standard (2.5):
    - FMDB/common
  - google-cloud-endpoints-client (0.0.3)
  - JTCalendar (1.2.3)
  - TGLStackedViewController (1.0.5)

DEPENDENCIES:
  - CustomIOSAlertView (~> 0.9.3)
  - FMDB
  - google-cloud-endpoints-client (from `https://github.com/rockwotj/google-cloud-endpoints-client.git`)
  - JTCalendar (~> 1.1)
  - TGLStackedViewController (~> 1.0)

EXTERNAL SOURCES:
  google-cloud-endpoints-client:
    :git: https://github.com/rockwotj/google-cloud-endpoints-client.git

CHECKOUT OPTIONS:
  google-cloud-endpoints-client:
    :commit: 61760b8123a4b424f1ef4b79d7d4a96b67caa4d5
    :git: https://github.com/rockwotj/google-cloud-endpoints-client.git

SPEC CHECKSUMS:
  CustomIOSAlertView: 94d2401e34fcfb0ac0134679d6947f5e251b0446
  FMDB: 96e8f1bcc1329e269330f99770ad4285d9003e52
  google-cloud-endpoints-client: 694a17ff78a6f9df1147b35ae277753a3f1addd5
  JTCalendar: 246ea3e338fb97624846ec77cdcde448242c4d5c
  TGLStackedViewController: b86dfdcc7fd8d45e6c71f61870d2159b40754ed6

COCOAPODS: 0.37.2
