// !$*UTF8*$!
{
	archiveVersion = 1;
	classes = {
	};
	objectVersion = 46;
	objects = {

/* Begin PBXBuildFile section */
		2C8200011B1D65E100A1972E /* home-25.png in Resources */ = {isa = PBXBuildFile; fileRef = 2C82FFFE1B1D65E100A1972E /* home-25.png */; };
		2C8200021B1D65E100A1972E /* home-32.png in Resources */ = {isa = PBXBuildFile; fileRef = 2C82FFFF1B1D65E100A1972E /* home-32.png */; };
		2C8200031B1D65E100A1972E /* home-50.png in Resources */ = {isa = PBXBuildFile; fileRef = 2C8200001B1D65E100A1972E /* home-50.png */; };
		2C8200071B1D663B00A1972E /* news-25.png in Resources */ = {isa = PBXBuildFile; fileRef = 2C8200041B1D663B00A1972E /* news-25.png */; };
		2C8200081B1D663B00A1972E /* news-32.png in Resources */ = {isa = PBXBuildFile; fileRef = 2C8200051B1D663B00A1972E /* news-32.png */; };
		2C8200091B1D663B00A1972E /* news-50.png in Resources */ = {isa = PBXBuildFile; fileRef = 2C8200061B1D663B00A1972E /* news-50.png */; };
		2C82000B1B1D67CE00A1972E /* TabViewController.swift in Sources */ = {isa = PBXBuildFile; fileRef = 2C82000A1B1D67CE00A1972E /* TabViewController.swift */; };
		2C82000F1B1D699B00A1972E /* receive_cash-25.png in Resources */ = {isa = PBXBuildFile; fileRef = 2C82000C1B1D699B00A1972E /* receive_cash-25.png */; };
		2C8200101B1D699B00A1972E /* receive_cash-32.png in Resources */ = {isa = PBXBuildFile; fileRef = 2C82000D1B1D699B00A1972E /* receive_cash-32.png */; };
		2C8200111B1D699B00A1972E /* receive_cash-50.png in Resources */ = {isa = PBXBuildFile; fileRef = 2C82000E1B1D699B00A1972E /* receive_cash-50.png */; };
		2C82FF991B1D552F00A1972E /* AppDelegate.swift in Sources */ = {isa = PBXBuildFile; fileRef = 2C82FF981B1D552F00A1972E /* AppDelegate.swift */; };
		2C82FF9B1B1D552F00A1972E /* HomeViewController.swift in Sources */ = {isa = PBXBuildFile; fileRef = 2C82FF9A1B1D552F00A1972E /* HomeViewController.swift */; };
		2C82FF9D1B1D552F00A1972E /* EventsViewController.swift in Sources */ = {isa = PBXBuildFile; fileRef = 2C82FF9C1B1D552F00A1972E /* EventsViewController.swift */; };
		2C82FFA01B1D552F00A1972E /* Main.storyboard in Resources */ = {isa = PBXBuildFile; fileRef = 2C82FF9E1B1D552F00A1972E /* Main.storyboard */; };
		2C82FFA21B1D552F00A1972E /* Images.xcassets in Resources */ = {isa = PBXBuildFile; fileRef = 2C82FFA11B1D552F00A1972E /* Images.xcassets */; };
		2C82FFA51B1D552F00A1972E /* LaunchScreen.xib in Resources */ = {isa = PBXBuildFile; fileRef = 2C82FFA31B1D552F00A1972E /* LaunchScreen.xib */; };
		2C82FFBB1B1D57D200A1972E /* SermonViewController.swift in Sources */ = {isa = PBXBuildFile; fileRef = 2C82FFBA1B1D57D200A1972E /* SermonViewController.swift */; };
		2C82FFBD1B1D57F300A1972E /* NewsViewController.swift in Sources */ = {isa = PBXBuildFile; fileRef = 2C82FFBC1B1D57F300A1972E /* NewsViewController.swift */; };
		2C82FFCB1B1D5DA600A1972E /* iTunesArtwork in Resources */ = {isa = PBXBuildFile; fileRef = 2C82FFBE1B1D5DA600A1972E /* iTunesArtwork */; };
		2C82FFCC1B1D5DA600A1972E /* iTunesArtwork@2x in Resources */ = {isa = PBXBuildFile; fileRef = 2C82FFBF1B1D5DA600A1972E /* iTunesArtwork@2x */; };
		2C82FFF11B1D647800A1972E /* calendar-32.png in Resources */ = {isa = PBXBuildFile; fileRef = 2C82FFF01B1D647800A1972E /* calendar-32.png */; };
		2C82FFF31B1D64CB00A1972E /* micro-32.png in Resources */ = {isa = PBXBuildFile; fileRef = 2C82FFF21B1D64CB00A1972E /* micro-32.png */; };
		2C82FFF51B1D652F00A1972E /* micro-50.png in Resources */ = {isa = PBXBuildFile; fileRef = 2C82FFF41B1D652F00A1972E /* micro-50.png */; };
		2C82FFF71B1D653900A1972E /* calendar-50.png in Resources */ = {isa = PBXBuildFile; fileRef = 2C82FFF61B1D653900A1972E /* calendar-50.png */; };
		2C82FFFB1B1D655D00A1972E /* micro-25.png in Resources */ = {isa = PBXBuildFile; fileRef = 2C82FFFA1B1D655D00A1972E /* micro-25.png */; };
		2C82FFFD1B1D658C00A1972E /* calendar-25.png in Resources */ = {isa = PBXBuildFile; fileRef = 2C82FFFC1B1D658C00A1972E /* calendar-25.png */; };
		2CADE46A1B26A236004698F1 /* Security.framework in Frameworks */ = {isa = PBXBuildFile; fileRef = 2CADE4691B26A236004698F1 /* Security.framework */; };
		2CADE46C1B26A244004698F1 /* SystemConfiguration.framework in Frameworks */ = {isa = PBXBuildFile; fileRef = 2CADE46B1B26A244004698F1 /* SystemConfiguration.framework */; };
		2CEE029D1B20203E00D1D80B /* clock-25.png in Resources */ = {isa = PBXBuildFile; fileRef = 2CEE029A1B20203E00D1D80B /* clock-25.png */; };
		2CEE029E1B20203E00D1D80B /* clock-32.png in Resources */ = {isa = PBXBuildFile; fileRef = 2CEE029B1B20203E00D1D80B /* clock-32.png */; };
		2CEE029F1B20203E00D1D80B /* clock-50.png in Resources */ = {isa = PBXBuildFile; fileRef = 2CEE029C1B20203E00D1D80B /* clock-50.png */; };
		2CEE02A31B20205600D1D80B /* location-25.png in Resources */ = {isa = PBXBuildFile; fileRef = 2CEE02A01B20205600D1D80B /* location-25.png */; };
		2CEE02A41B20205600D1D80B /* location-32.png in Resources */ = {isa = PBXBuildFile; fileRef = 2CEE02A11B20205600D1D80B /* location-32.png */; };
		2CEE02A51B20205600D1D80B /* location-50.png in Resources */ = {isa = PBXBuildFile; fileRef = 2CEE02A21B20205600D1D80B /* location-50.png */; };
		EAFA1B8BD6315B837BD1726A /* libPods.a in Frameworks */ = {isa = PBXBuildFile; fileRef = 3B5EC23898AAF8A72B10E54D /* libPods.a */; };
/* End PBXBuildFile section */

/* Begin PBXFileReference section */
		07BEA83D53AF0EBB9DFED712 /* Pods.debug.xcconfig */ = {isa = PBXFileReference; includeInIndex = 1; lastKnownFileType = text.xcconfig; name = Pods.debug.xcconfig; path = "Pods/Target Support Files/Pods/Pods.debug.xcconfig"; sourceTree = "<group>"; };
		2C2AEC881B229F3C00761E06 /* Shiloh Ranch-Bridging-Header.h */ = {isa = PBXFileReference; lastKnownFileType = sourcecode.c.h; path = "Shiloh Ranch-Bridging-Header.h"; sourceTree = "<group>"; };
		2C8200001B1D65E100A1972E /* home-50.png */ = {isa = PBXFileReference; lastKnownFileType = image.png; path = "home-50.png"; sourceTree = "<group>"; };
		2C8200041B1D663B00A1972E /* news-25.png */ = {isa = PBXFileReference; lastKnownFileType = image.png; path = "news-25.png"; sourceTree = "<group>"; };
		2C8200051B1D663B00A1972E /* news-32.png */ = {isa = PBXFileReference; lastKnownFileType = image.png; path = "news-32.png"; sourceTree = "<group>"; };
		2C8200061B1D663B00A1972E /* news-50.png */ = {isa = PBXFileReference; lastKnownFileType = image.png; path = "news-50.png"; sourceTree = "<group>"; };
		2C82000A1B1D67CE00A1972E /* TabViewController.swift */ = {isa = PBXFileReference; fileEncoding = 4; lastKnownFileType = sourcecode.swift; path = TabViewController.swift; sourceTree = "<group>"; };
		2C82000C1B1D699B00A1972E /* receive_cash-25.png */ = {isa = PBXFileReference; lastKnownFileType = image.png; path = "receive_cash-25.png"; sourceTree = "<group>"; };
		2C82000D1B1D699B00A1972E /* receive_cash-32.png */ = {isa = PBXFileReference; lastKnownFileType = image.png; path = "receive_cash-32.png"; sourceTree = "<group>"; };
		2C82000E1B1D699B00A1972E /* receive_cash-50.png */ = {isa = PBXFileReference; lastKnownFileType = image.png; path = "receive_cash-50.png"; sourceTree = "<group>"; };
		2C82FF931B1D552F00A1972E /* Shiloh Ranch.app */ = {isa = PBXFileReference; explicitFileType = wrapper.application; includeInIndex = 0; path = "Shiloh Ranch.app"; sourceTree = BUILT_PRODUCTS_DIR; };
		2C82FF971B1D552F00A1972E /* Info.plist */ = {isa = PBXFileReference; lastKnownFileType = text.plist.xml; path = Info.plist; sourceTree = "<group>"; };
		2C82FF981B1D552F00A1972E /* AppDelegate.swift */ = {isa = PBXFileReference; lastKnownFileType = sourcecode.swift; path = AppDelegate.swift; sourceTree = "<group>"; };
		2C82FF9A1B1D552F00A1972E /* HomeViewController.swift */ = {isa = PBXFileReference; lastKnownFileType = sourcecode.swift; path = HomeViewController.swift; sourceTree = "<group>"; };
		2C82FF9C1B1D552F00A1972E /* EventsViewController.swift */ = {isa = PBXFileReference; lastKnownFileType = sourcecode.swift; path = EventsViewController.swift; sourceTree = "<group>"; };
		2C82FF9F1B1D552F00A1972E /* Base */ = {isa = PBXFileReference; lastKnownFileType = file.storyboard; name = Base; path = Base.lproj/Main.storyboard; sourceTree = "<group>"; };
		2C82FFA11B1D552F00A1972E /* Images.xcassets */ = {isa = PBXFileReference; lastKnownFileType = folder.assetcatalog; path = Images.xcassets; sourceTree = "<group>"; };
		2C82FFA41B1D552F00A1972E /* Base */ = {isa = PBXFileReference; lastKnownFileType = file.xib; name = Base; path = Base.lproj/LaunchScreen.xib; sourceTree = "<group>"; };
		2C82FFBA1B1D57D200A1972E /* SermonViewController.swift */ = {isa = PBXFileReference; fileEncoding = 4; lastKnownFileType = sourcecode.swift; path = SermonViewController.swift; sourceTree = "<group>"; };
		2C82FFBC1B1D57F300A1972E /* NewsViewController.swift */ = {isa = PBXFileReference; fileEncoding = 4; lastKnownFileType = sourcecode.swift; path = NewsViewController.swift; sourceTree = "<group>"; };
		2C82FFBE1B1D5DA600A1972E /* iTunesArtwork */ = {isa = PBXFileReference; lastKnownFileType = file; path = iTunesArtwork; sourceTree = "<group>"; };
		2C82FFBF1B1D5DA600A1972E /* iTunesArtwork@2x */ = {isa = PBXFileReference; lastKnownFileType = file; path = "iTunesArtwork@2x"; sourceTree = "<group>"; };
		2C82FFF01B1D647800A1972E /* calendar-32.png */ = {isa = PBXFileReference; lastKnownFileType = image.png; path = "calendar-32.png"; sourceTree = "<group>"; };
		2C82FFF21B1D64CB00A1972E /* micro-32.png */ = {isa = PBXFileReference; lastKnownFileType = image.png; path = "micro-32.png"; sourceTree = "<group>"; };
		2C82FFF41B1D652F00A1972E /* micro-50.png */ = {isa = PBXFileReference; lastKnownFileType = image.png; path = "micro-50.png"; sourceTree = "<group>"; };
		2C82FFF61B1D653900A1972E /* calendar-50.png */ = {isa = PBXFileReference; lastKnownFileType = image.png; path = "calendar-50.png"; sourceTree = "<group>"; };
		2C82FFFA1B1D655D00A1972E /* micro-25.png */ = {isa = PBXFileReference; lastKnownFileType = image.png; path = "micro-25.png"; sourceTree = "<group>"; };
		2C82FFFC1B1D658C00A1972E /* calendar-25.png */ = {isa = PBXFileReference; lastKnownFileType = image.png; path = "calendar-25.png"; sourceTree = "<group>"; };
		2C82FFFE1B1D65E100A1972E /* home-25.png */ = {isa = PBXFileReference; lastKnownFileType = image.png; path = "home-25.png"; sourceTree = "<group>"; };
		2C82FFFF1B1D65E100A1972E /* home-32.png */ = {isa = PBXFileReference; lastKnownFileType = image.png; path = "home-32.png"; sourceTree = "<group>"; };
		2CADE4691B26A236004698F1 /* Security.framework */ = {isa = PBXFileReference; lastKnownFileType = wrapper.framework; name = Security.framework; path = System/Library/Frameworks/Security.framework; sourceTree = SDKROOT; };
		2CADE46B1B26A244004698F1 /* SystemConfiguration.framework */ = {isa = PBXFileReference; lastKnownFileType = wrapper.framework; name = SystemConfiguration.framework; path = System/Library/Frameworks/SystemConfiguration.framework; sourceTree = SDKROOT; };
		2CEE029A1B20203E00D1D80B /* clock-25.png */ = {isa = PBXFileReference; lastKnownFileType = image.png; path = "clock-25.png"; sourceTree = "<group>"; };
		2CEE029B1B20203E00D1D80B /* clock-32.png */ = {isa = PBXFileReference; lastKnownFileType = image.png; path = "clock-32.png"; sourceTree = "<group>"; };
		2CEE029C1B20203E00D1D80B /* clock-50.png */ = {isa = PBXFileReference; lastKnownFileType = image.png; path = "clock-50.png"; sourceTree = "<group>"; };
		2CEE02A01B20205600D1D80B /* location-25.png */ = {isa = PBXFileReference; lastKnownFileType = image.png; path = "location-25.png"; sourceTree = "<group>"; };
		2CEE02A11B20205600D1D80B /* location-32.png */ = {isa = PBXFileReference; lastKnownFileType = image.png; path = "location-32.png"; sourceTree = "<group>"; };
		2CEE02A21B20205600D1D80B /* location-50.png */ = {isa = PBXFileReference; lastKnownFileType = image.png; path = "location-50.png"; sourceTree = "<group>"; };
		3B5EC23898AAF8A72B10E54D /* libPods.a */ = {isa = PBXFileReference; explicitFileType = archive.ar; includeInIndex = 0; path = libPods.a; sourceTree = BUILT_PRODUCTS_DIR; };
		CF3A02DCE1A312F677D3B9B8 /* Pods.release.xcconfig */ = {isa = PBXFileReference; includeInIndex = 1; lastKnownFileType = text.xcconfig; name = Pods.release.xcconfig; path = "Pods/Target Support Files/Pods/Pods.release.xcconfig"; sourceTree = "<group>"; };
/* End PBXFileReference section */

/* Begin PBXFrameworksBuildPhase section */
		2C82FF901B1D552F00A1972E /* Frameworks */ = {
			isa = PBXFrameworksBuildPhase;
			buildActionMask = 2147483647;
			files = (
				2CADE46C1B26A244004698F1 /* SystemConfiguration.framework in Frameworks */,
				2CADE46A1B26A236004698F1 /* Security.framework in Frameworks */,
				EAFA1B8BD6315B837BD1726A /* libPods.a in Frameworks */,
			);
			runOnlyForDeploymentPostprocessing = 0;
		};
/* End PBXFrameworksBuildPhase section */

/* Begin PBXGroup section */
		03547C4AFC12225290363E47 /* Pods */ = {
			isa = PBXGroup;
			children = (
				07BEA83D53AF0EBB9DFED712 /* Pods.debug.xcconfig */,
				CF3A02DCE1A312F677D3B9B8 /* Pods.release.xcconfig */,
			);
			name = Pods;
			sourceTree = "<group>";
		};
		2C2AEC851B229E1000761E06 /* Home */ = {
			isa = PBXGroup;
			children = (
				2C82FF9A1B1D552F00A1972E /* HomeViewController.swift */,
			);
			name = Home;
			sourceTree = "<group>";
		};
		2C82FF8A1B1D552F00A1972E = {
			isa = PBXGroup;
			children = (
				2C82FF951B1D552F00A1972E /* Shiloh Ranch */,
				2C82FF941B1D552F00A1972E /* Products */,
				03547C4AFC12225290363E47 /* Pods */,
				8073BC92DA3C6624C28CFBBC /* Frameworks */,
			);
			sourceTree = "<group>";
		};
		2C82FF941B1D552F00A1972E /* Products */ = {
			isa = PBXGroup;
			children = (
				2C82FF931B1D552F00A1972E /* Shiloh Ranch.app */,
			);
			name = Products;
			sourceTree = "<group>";
		};
		2C82FF951B1D552F00A1972E /* Shiloh Ranch */ = {
			isa = PBXGroup;
			children = (
				2CADE46D1B26A255004698F1 /* GTL Client */,
				2CADE4681B26A19A004698F1 /* API */,
				2CADE4671B26A185004698F1 /* Sermons */,
				2CADE4661B26A173004698F1 /* News */,
				2CADE4651B26A16B004698F1 /* Events */,
				2C2AEC881B229F3C00761E06 /* Shiloh Ranch-Bridging-Header.h */,
				2C2AEC851B229E1000761E06 /* Home */,
				2C82FF981B1D552F00A1972E /* AppDelegate.swift */,
				2C82FF9E1B1D552F00A1972E /* Main.storyboard */,
				2C82FFA11B1D552F00A1972E /* Images.xcassets */,
				2C82FFA31B1D552F00A1972E /* LaunchScreen.xib */,
				2C82FF961B1D552F00A1972E /* Supporting Files */,
				2C82000A1B1D67CE00A1972E /* TabViewController.swift */,
			);
			name = "Shiloh Ranch";
			path = shiloh_ranch;
			sourceTree = "<group>";
		};
		2C82FF961B1D552F00A1972E /* Supporting Files */ = {
			isa = PBXGroup;
			children = (
				2CEE02A01B20205600D1D80B /* location-25.png */,
				2CEE02A11B20205600D1D80B /* location-32.png */,
				2CEE02A21B20205600D1D80B /* location-50.png */,
				2CEE029A1B20203E00D1D80B /* clock-25.png */,
				2CEE029B1B20203E00D1D80B /* clock-32.png */,
				2CEE029C1B20203E00D1D80B /* clock-50.png */,
				2C82000C1B1D699B00A1972E /* receive_cash-25.png */,
				2C82000D1B1D699B00A1972E /* receive_cash-32.png */,
				2C82000E1B1D699B00A1972E /* receive_cash-50.png */,
				2C82FFBE1B1D5DA600A1972E /* iTunesArtwork */,
				2C82FFBF1B1D5DA600A1972E /* iTunesArtwork@2x */,
				2C82FFF61B1D653900A1972E /* calendar-50.png */,
				2C82FFFA1B1D655D00A1972E /* micro-25.png */,
				2C82FFF41B1D652F00A1972E /* micro-50.png */,
				2C82FFFE1B1D65E100A1972E /* home-25.png */,
				2C82FFFF1B1D65E100A1972E /* home-32.png */,
				2C8200001B1D65E100A1972E /* home-50.png */,
				2C8200041B1D663B00A1972E /* news-25.png */,
				2C8200051B1D663B00A1972E /* news-32.png */,
				2C8200061B1D663B00A1972E /* news-50.png */,
				2C82FFFC1B1D658C00A1972E /* calendar-25.png */,
				2C82FFF21B1D64CB00A1972E /* micro-32.png */,
				2C82FFF01B1D647800A1972E /* calendar-32.png */,
				2C82FF971B1D552F00A1972E /* Info.plist */,
			);
			name = "Supporting Files";
			sourceTree = "<group>";
		};
		2CADE4651B26A16B004698F1 /* Events */ = {
			isa = PBXGroup;
			children = (
				2C82FF9C1B1D552F00A1972E /* EventsViewController.swift */,
			);
			name = Events;
			sourceTree = "<group>";
		};
		2CADE4661B26A173004698F1 /* News */ = {
			isa = PBXGroup;
			children = (
				2C82FFBC1B1D57F300A1972E /* NewsViewController.swift */,
			);
			name = News;
			sourceTree = "<group>";
		};
		2CADE4671B26A185004698F1 /* Sermons */ = {
			isa = PBXGroup;
			children = (
				2C82FFBA1B1D57D200A1972E /* SermonViewController.swift */,
			);
			name = Sermons;
			sourceTree = "<group>";
		};
		2CADE4681B26A19A004698F1 /* API */ = {
			isa = PBXGroup;
			children = (
			);
			name = API;
			sourceTree = "<group>";
		};
		2CADE46D1B26A255004698F1 /* GTL Client */ = {
			isa = PBXGroup;
			children = (
			);
			name = "GTL Client";
			sourceTree = "<group>";
		};
		8073BC92DA3C6624C28CFBBC /* Frameworks */ = {
			isa = PBXGroup;
			children = (
				2CADE46B1B26A244004698F1 /* SystemConfiguration.framework */,
				2CADE4691B26A236004698F1 /* Security.framework */,
				3B5EC23898AAF8A72B10E54D /* libPods.a */,
			);
			name = Frameworks;
			sourceTree = "<group>";
		};
/* End PBXGroup section */

/* Begin PBXNativeTarget section */
		2C82FF921B1D552F00A1972E /* Shiloh Ranch */ = {
			isa = PBXNativeTarget;
			buildConfigurationList = 2C82FFB41B1D553000A1972E /* Build configuration list for PBXNativeTarget "Shiloh Ranch" */;
			buildPhases = (
				2D4150B68F2CA0954E1AC797 /* Check Pods Manifest.lock */,
				2C82FF8F1B1D552F00A1972E /* Sources */,
				2C82FF901B1D552F00A1972E /* Frameworks */,
				2C82FF911B1D552F00A1972E /* Resources */,
				ACB4199AB59C1B54CE6AC221 /* Copy Pods Resources */,
			);
			buildRules = (
			);
			dependencies = (
			);
			name = "Shiloh Ranch";
			productName = shiloh_ranch;
			productReference = 2C82FF931B1D552F00A1972E /* Shiloh Ranch.app */;
			productType = "com.apple.product-type.application";
		};
/* End PBXNativeTarget section */

/* Begin PBXProject section */
		2C82FF8B1B1D552F00A1972E /* Project object */ = {
			isa = PBXProject;
			attributes = {
				LastUpgradeCheck = 0630;
				ORGANIZATIONNAME = "Shiloh Ranch Cowboy Church";
				TargetAttributes = {
					2C82FF921B1D552F00A1972E = {
						CreatedOnToolsVersion = 6.3.2;
						DevelopmentTeam = 82T6YZ5XP5;
					};
				};
			};
			buildConfigurationList = 2C82FF8E1B1D552F00A1972E /* Build configuration list for PBXProject "Shiloh Ranch" */;
			compatibilityVersion = "Xcode 3.2";
			developmentRegion = English;
			hasScannedForEncodings = 0;
			knownRegions = (
				en,
				Base,
			);
			mainGroup = 2C82FF8A1B1D552F00A1972E;
			productRefGroup = 2C82FF941B1D552F00A1972E /* Products */;
			projectDirPath = "";
			projectRoot = "";
			targets = (
				2C82FF921B1D552F00A1972E /* Shiloh Ranch */,
			);
		};
/* End PBXProject section */

/* Begin PBXResourcesBuildPhase section */
		2C82FF911B1D552F00A1972E /* Resources */ = {
			isa = PBXResourcesBuildPhase;
			buildActionMask = 2147483647;
			files = (
				2CEE02A41B20205600D1D80B /* location-32.png in Resources */,
				2C8200091B1D663B00A1972E /* news-50.png in Resources */,
				2C82000F1B1D699B00A1972E /* receive_cash-25.png in Resources */,
				2C8200111B1D699B00A1972E /* receive_cash-50.png in Resources */,
				2C82FFCC1B1D5DA600A1972E /* iTunesArtwork@2x in Resources */,
				2C82FFF71B1D653900A1972E /* calendar-50.png in Resources */,
				2CEE02A31B20205600D1D80B /* location-25.png in Resources */,
				2CEE029E1B20203E00D1D80B /* clock-32.png in Resources */,
				2C8200021B1D65E100A1972E /* home-32.png in Resources */,
				2C82FFA01B1D552F00A1972E /* Main.storyboard in Resources */,
				2CEE029F1B20203E00D1D80B /* clock-50.png in Resources */,
				2C8200081B1D663B00A1972E /* news-32.png in Resources */,
				2C82FFA51B1D552F00A1972E /* LaunchScreen.xib in Resources */,
				2C82FFA21B1D552F00A1972E /* Images.xcassets in Resources */,
				2CEE02A51B20205600D1D80B /* location-50.png in Resources */,
				2C8200101B1D699B00A1972E /* receive_cash-32.png in Resources */,
				2C82FFCB1B1D5DA600A1972E /* iTunesArtwork in Resources */,
				2C82FFF11B1D647800A1972E /* calendar-32.png in Resources */,
				2C8200071B1D663B00A1972E /* news-25.png in Resources */,
				2C82FFF31B1D64CB00A1972E /* micro-32.png in Resources */,
				2C82FFFB1B1D655D00A1972E /* micro-25.png in Resources */,
				2C82FFF51B1D652F00A1972E /* micro-50.png in Resources */,
				2C8200011B1D65E100A1972E /* home-25.png in Resources */,
				2C82FFFD1B1D658C00A1972E /* calendar-25.png in Resources */,
				2C8200031B1D65E100A1972E /* home-50.png in Resources */,
				2CEE029D1B20203E00D1D80B /* clock-25.png in Resources */,
			);
			runOnlyForDeploymentPostprocessing = 0;
		};
/* End PBXResourcesBuildPhase section */

/* Begin PBXShellScriptBuildPhase section */
		2D4150B68F2CA0954E1AC797 /* Check Pods Manifest.lock */ = {
			isa = PBXShellScriptBuildPhase;
			buildActionMask = 2147483647;
			files = (
			);
			inputPaths = (
			);
			name = "Check Pods Manifest.lock";
			outputPaths = (
			);
			runOnlyForDeploymentPostprocessing = 0;
			shellPath = /bin/sh;
			shellScript = "diff \"${PODS_ROOT}/../Podfile.lock\" \"${PODS_ROOT}/Manifest.lock\" > /dev/null\nif [[ $? != 0 ]] ; then\n    cat << EOM\nerror: The sandbox is not in sync with the Podfile.lock. Run 'pod install' or update your CocoaPods installation.\nEOM\n    exit 1\nfi\n";
			showEnvVarsInLog = 0;
		};
		ACB4199AB59C1B54CE6AC221 /* Copy Pods Resources */ = {
			isa = PBXShellScriptBuildPhase;
			buildActionMask = 2147483647;
			files = (
			);
			inputPaths = (
			);
			name = "Copy Pods Resources";
			outputPaths = (
			);
			runOnlyForDeploymentPostprocessing = 0;
			shellPath = /bin/sh;
			shellScript = "\"${SRCROOT}/Pods/Target Support Files/Pods/Pods-resources.sh\"\n";
			showEnvVarsInLog = 0;
		};
/* End PBXShellScriptBuildPhase section */

/* Begin PBXSourcesBuildPhase section */
		2C82FF8F1B1D552F00A1972E /* Sources */ = {
			isa = PBXSourcesBuildPhase;
			buildActionMask = 2147483647;
			files = (
				2C82000B1B1D67CE00A1972E /* TabViewController.swift in Sources */,
				2C82FFBB1B1D57D200A1972E /* SermonViewController.swift in Sources */,
				2C82FF9D1B1D552F00A1972E /* EventsViewController.swift in Sources */,
				2C82FF991B1D552F00A1972E /* AppDelegate.swift in Sources */,
				2C82FFBD1B1D57F300A1972E /* NewsViewController.swift in Sources */,
				2C82FF9B1B1D552F00A1972E /* HomeViewController.swift in Sources */,
			);
			runOnlyForDeploymentPostprocessing = 0;
		};
/* End PBXSourcesBuildPhase section */

/* Begin PBXVariantGroup section */
		2C82FF9E1B1D552F00A1972E /* Main.storyboard */ = {
			isa = PBXVariantGroup;
			children = (
				2C82FF9F1B1D552F00A1972E /* Base */,
			);
			name = Main.storyboard;
			sourceTree = "<group>";
		};
		2C82FFA31B1D552F00A1972E /* LaunchScreen.xib */ = {
			isa = PBXVariantGroup;
			children = (
				2C82FFA41B1D552F00A1972E /* Base */,
			);
			name = LaunchScreen.xib;
			sourceTree = "<group>";
		};
/* End PBXVariantGroup section */

/* Begin XCBuildConfiguration section */
		2C82FFB21B1D553000A1972E /* Debug */ = {
			isa = XCBuildConfiguration;
			buildSettings = {
				ALWAYS_SEARCH_USER_PATHS = NO;
				CLANG_CXX_LANGUAGE_STANDARD = "gnu++0x";
				CLANG_CXX_LIBRARY = "libc++";
				CLANG_ENABLE_MODULES = YES;
				CLANG_ENABLE_OBJC_ARC = YES;
				CLANG_WARN_BOOL_CONVERSION = YES;
				CLANG_WARN_CONSTANT_CONVERSION = YES;
				CLANG_WARN_DIRECT_OBJC_ISA_USAGE = YES_ERROR;
				CLANG_WARN_EMPTY_BODY = YES;
				CLANG_WARN_ENUM_CONVERSION = YES;
				CLANG_WARN_INT_CONVERSION = YES;
				CLANG_WARN_OBJC_ROOT_CLASS = YES_ERROR;
				CLANG_WARN_UNREACHABLE_CODE = YES;
				CLANG_WARN__DUPLICATE_METHOD_MATCH = YES;
				"CODE_SIGN_IDENTITY[sdk=iphoneos*]" = "iPhone Developer";
				COPY_PHASE_STRIP = NO;
				DEBUG_INFORMATION_FORMAT = "dwarf-with-dsym";
				ENABLE_STRICT_OBJC_MSGSEND = YES;
				GCC_C_LANGUAGE_STANDARD = gnu99;
				GCC_DYNAMIC_NO_PIC = NO;
				GCC_NO_COMMON_BLOCKS = YES;
				GCC_OPTIMIZATION_LEVEL = 0;
				GCC_PREPROCESSOR_DEFINITIONS = (
					"DEBUG=1",
					"$(inherited)",
				);
				GCC_SYMBOLS_PRIVATE_EXTERN = NO;
				GCC_WARN_64_TO_32_BIT_CONVERSION = YES;
				GCC_WARN_ABOUT_RETURN_TYPE = YES_ERROR;
				GCC_WARN_UNDECLARED_SELECTOR = YES;
				GCC_WARN_UNINITIALIZED_AUTOS = YES_AGGRESSIVE;
				GCC_WARN_UNUSED_FUNCTION = YES;
				GCC_WARN_UNUSED_VARIABLE = YES;
				IPHONEOS_DEPLOYMENT_TARGET = 7.1;
				MTL_ENABLE_DEBUG_INFO = YES;
				ONLY_ACTIVE_ARCH = YES;
				SDKROOT = iphoneos;
				SWIFT_OPTIMIZATION_LEVEL = "-Onone";
			};
			name = Debug;
		};
		2C82FFB31B1D553000A1972E /* Release */ = {
			isa = XCBuildConfiguration;
			buildSettings = {
				ALWAYS_SEARCH_USER_PATHS = NO;
				CLANG_CXX_LANGUAGE_STANDARD = "gnu++0x";
				CLANG_CXX_LIBRARY = "libc++";
				CLANG_ENABLE_MODULES = YES;
				CLANG_ENABLE_OBJC_ARC = YES;
				CLANG_WARN_BOOL_CONVERSION = YES;
				CLANG_WARN_CONSTANT_CONVERSION = YES;
				CLANG_WARN_DIRECT_OBJC_ISA_USAGE = YES_ERROR;
				CLANG_WARN_EMPTY_BODY = YES;
				CLANG_WARN_ENUM_CONVERSION = YES;
				CLANG_WARN_INT_CONVERSION = YES;
				CLANG_WARN_OBJC_ROOT_CLASS = YES_ERROR;
				CLANG_WARN_UNREACHABLE_CODE = YES;
				CLANG_WARN__DUPLICATE_METHOD_MATCH = YES;
				"CODE_SIGN_IDENTITY[sdk=iphoneos*]" = "iPhone Developer";
				COPY_PHASE_STRIP = NO;
				DEBUG_INFORMATION_FORMAT = "dwarf-with-dsym";
				ENABLE_NS_ASSERTIONS = NO;
				ENABLE_STRICT_OBJC_MSGSEND = YES;
				GCC_C_LANGUAGE_STANDARD = gnu99;
				GCC_NO_COMMON_BLOCKS = YES;
				GCC_WARN_64_TO_32_BIT_CONVERSION = YES;
				GCC_WARN_ABOUT_RETURN_TYPE = YES_ERROR;
				GCC_WARN_UNDECLARED_SELECTOR = YES;
				GCC_WARN_UNINITIALIZED_AUTOS = YES_AGGRESSIVE;
				GCC_WARN_UNUSED_FUNCTION = YES;
				GCC_WARN_UNUSED_VARIABLE = YES;
				IPHONEOS_DEPLOYMENT_TARGET = 7.1;
				MTL_ENABLE_DEBUG_INFO = NO;
				SDKROOT = iphoneos;
				VALIDATE_PRODUCT = YES;
			};
			name = Release;
		};
		2C82FFB51B1D553000A1972E /* Debug */ = {
			isa = XCBuildConfiguration;
			baseConfigurationReference = 07BEA83D53AF0EBB9DFED712 /* Pods.debug.xcconfig */;
			buildSettings = {
				ASSETCATALOG_COMPILER_APPICON_NAME = AppIcon;
				ASSETCATALOG_COMPILER_LAUNCHIMAGE_NAME = LaunchImage;
				CLANG_ENABLE_MODULES = YES;
				CODE_SIGN_IDENTITY = "iPhone Developer";
				INFOPLIST_FILE = shiloh_ranch/Info.plist;
				IPHONEOS_DEPLOYMENT_TARGET = 7.1;
				LD_RUNPATH_SEARCH_PATHS = "$(inherited) @executable_path/Frameworks";
				PRODUCT_NAME = "Shiloh Ranch";
				SWIFT_OBJC_BRIDGING_HEADER = "shiloh_ranch/Shiloh Ranch-Bridging-Header.h";
				SWIFT_OPTIMIZATION_LEVEL = "-Onone";
			};
			name = Debug;
		};
		2C82FFB61B1D553000A1972E /* Release */ = {
			isa = XCBuildConfiguration;
			baseConfigurationReference = CF3A02DCE1A312F677D3B9B8 /* Pods.release.xcconfig */;
			buildSettings = {
				ASSETCATALOG_COMPILER_APPICON_NAME = AppIcon;
				ASSETCATALOG_COMPILER_LAUNCHIMAGE_NAME = LaunchImage;
				CLANG_ENABLE_MODULES = YES;
				CODE_SIGN_IDENTITY = "iPhone Developer";
				INFOPLIST_FILE = shiloh_ranch/Info.plist;
				IPHONEOS_DEPLOYMENT_TARGET = 7.1;
				LD_RUNPATH_SEARCH_PATHS = "$(inherited) @executable_path/Frameworks";
				PRODUCT_NAME = "Shiloh Ranch";
				SWIFT_OBJC_BRIDGING_HEADER = "shiloh_ranch/Shiloh Ranch-Bridging-Header.h";
			};
			name = Release;
		};
/* End XCBuildConfiguration section */

/* Begin XCConfigurationList section */
		2C82FF8E1B1D552F00A1972E /* Build configuration list for PBXProject "Shiloh Ranch" */ = {
			isa = XCConfigurationList;
			buildConfigurations = (
				2C82FFB21B1D553000A1972E /* Debug */,
				2C82FFB31B1D553000A1972E /* Release */,
			);
			defaultConfigurationIsVisible = 0;
			defaultConfigurationName = Release;
		};
		2C82FFB41B1D553000A1972E /* Build configuration list for PBXNativeTarget "Shiloh Ranch" */ = {
			isa = XCConfigurationList;
			buildConfigurations = (
				2C82FFB51B1D553000A1972E /* Debug */,
				2C82FFB61B1D553000A1972E /* Release */,
			);
			defaultConfigurationIsVisible = 0;
			defaultConfigurationName = Release;
		};
/* End XCConfigurationList section */
	};
	rootObject = 2C82FF8B1B1D552F00A1972E /* Project object */;
}
